
Microsoft Visual Studio Solution File, Format Version 12.00
# Visual Studio 15
VisualStudioVersion = 15.0.28307.572
MinimumVisualStudioVersion = 10.0.40219.1
Project("{FAE04EC0-301F-11D3-BF4B-00C04F79EFBC}") = "RepositoryPatternImplementation", "RepositoryPatternImplementation\RepositoryPatternImplementation.csproj", "{BD097CF4-7BBC-4885-9423-12274CDFDF33}"
EndProject
Global
	GlobalSection(SolutionConfigurationPlatforms) = preSolution
		Debug|Any CPU = Debug|Any CPU
		Release|Any CPU = Release|Any CPU
	EndGlobalSection
	GlobalSection(ProjectConfigurationPlatforms) = postSolution
		{BD097CF4-7BBC-4885-9423-12274CDFDF33}.Debug|Any CPU.ActiveCfg = Debug|Any CPU
		{BD097CF4-7BBC-4885-9423-12274CDFDF33}.Debug|Any CPU.Build.0 = Debug|Any CPU
		{BD097CF4-7BBC-4885-9423-12274CDFDF33}.Release|Any CPU.ActiveCfg = Release|Any CPU
		{BD097CF4-7BBC-4885-9423-12274CDFDF33}.Release|Any CPU.Build.0 = Release|Any CPU
	EndGlobalSection
	GlobalSection(SolutionProperties) = preSolution
		HideSolutionNode = FALSE
	EndGlobalSection
	GlobalSection(ExtensibilityGlobals) = postSolution
		SolutionGuid = {CBDB9BBF-51CA-47E8-80C7-AC77286E05F5}
	EndGlobalSection
EndGlobal
